
Microsoft Visual Studio Solution File, Format Version 12.00
# Visual Studio Version 17
VisualStudioVersion = 17.14.36121.58 d17.14
MinimumVisualStudioVersion = 10.0.40219.1
Project("{FAE04EC0-301F-11D3-BF4B-00C04F79EFBC}") = "AgentA", "AgentA\AgentA.csproj", "{C5E54665-7389-47E9-AA49-28AA3B5120AD}"
EndProject
Project("{FAE04EC0-301F-11D3-BF4B-00C04F79EFBC}") = "AgentB", "AgentB\AgentB.csproj", "{18990462-E162-4C1D-9CAA-EB8366C9384B}"
EndProject
Project("{FAE04EC0-301F-11D3-BF4B-00C04F79EFBC}") = "Master", "Master\Master.csproj", "{E1EE7EB8-50A4-489B-9AFF-D7839B70EFC5}"
EndProject
Global
	GlobalSection(SolutionConfigurationPlatforms) = preSolution
		Debug|Any CPU = Debug|Any CPU
		Release|Any CPU = Release|Any CPU
	EndGlobalSection
	GlobalSection(ProjectConfigurationPlatforms) = postSolution
		{C5E54665-7389-47E9-AA49-28AA3B5120AD}.Debug|Any CPU.ActiveCfg = Debug|Any CPU
		{C5E54665-7389-47E9-AA49-28AA3B5120AD}.Debug|Any CPU.Build.0 = Debug|Any CPU
		{C5E54665-7389-47E9-AA49-28AA3B5120AD}.Release|Any CPU.ActiveCfg = Release|Any CPU
		{C5E54665-7389-47E9-AA49-28AA3B5120AD}.Release|Any CPU.Build.0 = Release|Any CPU
		{18990462-E162-4C1D-9CAA-EB8366C9384B}.Debug|Any CPU.ActiveCfg = Debug|Any CPU
		{18990462-E162-4C1D-9CAA-EB8366C9384B}.Debug|Any CPU.Build.0 = Debug|Any CPU
		{18990462-E162-4C1D-9CAA-EB8366C9384B}.Release|Any CPU.ActiveCfg = Release|Any CPU
		{18990462-E162-4C1D-9CAA-EB8366C9384B}.Release|Any CPU.Build.0 = Release|Any CPU
		{E1EE7EB8-50A4-489B-9AFF-D7839B70EFC5}.Debug|Any CPU.ActiveCfg = Debug|Any CPU
		{E1EE7EB8-50A4-489B-9AFF-D7839B70EFC5}.Debug|Any CPU.Build.0 = Debug|Any CPU
		{E1EE7EB8-50A4-489B-9AFF-D7839B70EFC5}.Release|Any CPU.ActiveCfg = Release|Any CPU
		{E1EE7EB8-50A4-489B-9AFF-D7839B70EFC5}.Release|Any CPU.Build.0 = Release|Any CPU
	EndGlobalSection
	GlobalSection(SolutionProperties) = preSolution
		HideSolutionNode = FALSE
	EndGlobalSection
	GlobalSection(ExtensibilityGlobals) = postSolution
		SolutionGuid = {D39F402C-8F8E-4F13-B82D-C3B5B6EA786B}
	EndGlobalSection
EndGlobal
